{
  "name": "Paranext",
  "version": "0.0.1",
  "lockfileVersion": 2,
  "requires": true,
  "packages": {
    "": {
      "name": "Paranext",
      "version": "0.0.1",
      "hasInstallScript": true,
      "license": "MIT",
      "dependencies": {
        "electron-edge-js": "^22.0.1"
      }
    },
    "node_modules/edge-cs": {
      "version": "1.2.1",
      "resolved": "https://registry.npmjs.org/edge-cs/-/edge-cs-1.2.1.tgz",
      "integrity": "sha512-N5KAeMBhhCbCGmb5oiHJ0KcuTksZzo8lg+uByEUCZAdnLPHizHkk6ZIuuTD63eez7+W25ZSvsGS5+FtymxFoKw==",
      "hasInstallScript": true,
      "engines": {
        "node": ">= 0.8"
      }
    },
    "node_modules/electron-edge-js": {
      "version": "22.0.1",
      "resolved": "https://registry.npmjs.org/electron-edge-js/-/electron-edge-js-22.0.1.tgz",
      "integrity": "sha512-IndsQPVpeICKJV4PLmz+k241VVNaxJQWSvHcPqTzlWPfe8K6A7KrQn6PzYx5Zu4smv0KHUNAYeO4jnzp+FwzMw==",
      "hasInstallScript": true,
      "dependencies": {
        "edge-cs": "1.2.1",
        "nan": "^2.17.0"
      },
      "engines": {
        "node": ">= 6"
      }
    },
    "node_modules/nan": {
      "version": "2.17.0",
      "resolved": "https://registry.npmjs.org/nan/-/nan-2.17.0.tgz",
      "integrity": "sha512-2ZTgtl0nJsO0KQCjEpxcIr5D+Yv90plTitZt9JBfQvVJDS5seMl3FOvsh3+9CoYWXf/1l5OaZzzF6nDm4cagaQ=="
    }
  },
  "dependencies": {
    "edge-cs": {
      "version": "1.2.1",
      "resolved": "https://registry.npmjs.org/edge-cs/-/edge-cs-1.2.1.tgz",
      "integrity": "sha512-N5KAeMBhhCbCGmb5oiHJ0KcuTksZzo8lg+uByEUCZAdnLPHizHkk6ZIuuTD63eez7+W25ZSvsGS5+FtymxFoKw=="
    },
    "electron-edge-js": {
      "version": "22.0.1",
      "resolved": "https://registry.npmjs.org/electron-edge-js/-/electron-edge-js-22.0.1.tgz",
      "integrity": "sha512-IndsQPVpeICKJV4PLmz+k241VVNaxJQWSvHcPqTzlWPfe8K6A7KrQn6PzYx5Zu4smv0KHUNAYeO4jnzp+FwzMw==",
      "requires": {
        "edge-cs": "1.2.1",
        "nan": "^2.17.0"
      }
    },
    "nan": {
      "version": "2.17.0",
      "resolved": "https://registry.npmjs.org/nan/-/nan-2.17.0.tgz",
      "integrity": "sha512-2ZTgtl0nJsO0KQCjEpxcIr5D+Yv90plTitZt9JBfQvVJDS5seMl3FOvsh3+9CoYWXf/1l5OaZzzF6nDm4cagaQ=="
    }
  }
}
