{
  "name": "resource-viewer",
  "version": "0.0.1",
  "lockfileVersion": 3,
  "requires": true,
  "packages": {
    "": {
      "name": "resource-viewer",
      "version": "0.0.1",
      "license": "MIT",
      "dependencies": {
        "usfm-js": "^3.4.2"
      }
    },
    "node_modules/lodash.clonedeep": {
      "version": "4.5.0",
      "resolved": "https://registry.npmjs.org/lodash.clonedeep/-/lodash.clonedeep-4.5.0.tgz",
      "integrity": "sha512-H5ZhCF25riFd9uB5UCkVKo61m3S/xZk1x4wA6yp/L3RFP6Z/eHH1ymQcGLo7J3GMPfm0V/7m1tryHuGVxpqEBQ=="
    },
    "node_modules/usfm-js": {
      "version": "3.4.2",
      "resolved": "https://registry.npmjs.org/usfm-js/-/usfm-js-3.4.2.tgz",
      "integrity": "sha512-i5nGxGwFhkOWd7xgfVWQ6GTkCpksfy5AUIwNJcwanTn3ua5J1nwl3pjApCDA6x1B++8ICkcQMUt0FB/bkKdE2g==",
      "dependencies": {
        "lodash.clonedeep": "^4.5.0"
      }
    }
  }
}
